
Microsoft Visual Studio Solution File, Format Version 12.00
# Visual Studio 15
VisualStudioVersion = 15.0.28307.168
MinimumVisualStudioVersion = 10.0.40219.1
Project("{FAE04EC0-301F-11D3-BF4B-00C04F79EFBC}") = "50PSAM", "50PSAM\50PSAM.csproj", "{48162045-BD09-4D13-9CFF-DF066D6F6775}"
EndProject
Global
	GlobalSection(SolutionConfigurationPlatforms) = preSolution
		Debug|Any CPU = Debug|Any CPU
		Release|Any CPU = Release|Any CPU
	EndGlobalSection
	GlobalSection(ProjectConfigurationPlatforms) = postSolution
		{48162045-BD09-4D13-9CFF-DF066D6F6775}.Debug|Any CPU.ActiveCfg = Debug|Any CPU
		{48162045-BD09-4D13-9CFF-DF066D6F6775}.Release|Any CPU.ActiveCfg = Release|Any CPU
		{48162045-BD09-4D13-9CFF-DF066D6F6775}.Release|Any CPU.Build.0 = Release|Any CPU
	EndGlobalSection
	GlobalSection(SolutionProperties) = preSolution
		HideSolutionNode = FALSE
	EndGlobalSection
	GlobalSection(ExtensibilityGlobals) = postSolution
		SolutionGuid = {6CBD846C-107D-4E0C-B422-360B72F5EE78}
	EndGlobalSection
EndGlobal
